
Microsoft Visual Studio Solution File, Format Version 11.00
# Visual Studio 2010
Project("{FAE04EC0-301F-11D3-BF4B-00C04F79EFBC}") = "Assembly-CSharp", "Assembly-CSharp.csproj", "{2be91b47-5a5a-dde6-a94b-50a7c704d612}"
EndProject
Project("{FAE04EC0-301F-11D3-BF4B-00C04F79EFBC}") = "Assembly-CSharp-Editor", "Assembly-CSharp-Editor.csproj", "{7e898adb-23b0-3ab3-e913-c660fc4c8d11}"
EndProject
Global
	GlobalSection(SolutionConfigurationPlatforms) = preSolution
		Debug|Any CPU = Debug|Any CPU
		Release|Any CPU = Release|Any CPU
	EndGlobalSection
	GlobalSection(ProjectConfigurationPlatforms) = postSolution
		{2be91b47-5a5a-dde6-a94b-50a7c704d612}.Debug|Any CPU.ActiveCfg = Debug|Any CPU
		{2be91b47-5a5a-dde6-a94b-50a7c704d612}.Debug|Any CPU.Build.0 = Debug|Any CPU
		{2be91b47-5a5a-dde6-a94b-50a7c704d612}.Release|Any CPU.ActiveCfg = Release|Any CPU
		{2be91b47-5a5a-dde6-a94b-50a7c704d612}.Release|Any CPU.Build.0 = Release|Any CPU
		{7e898adb-23b0-3ab3-e913-c660fc4c8d11}.Debug|Any CPU.ActiveCfg = Debug|Any CPU
		{7e898adb-23b0-3ab3-e913-c660fc4c8d11}.Debug|Any CPU.Build.0 = Debug|Any CPU
		{7e898adb-23b0-3ab3-e913-c660fc4c8d11}.Release|Any CPU.ActiveCfg = Release|Any CPU
		{7e898adb-23b0-3ab3-e913-c660fc4c8d11}.Release|Any CPU.Build.0 = Release|Any CPU
	EndGlobalSection
	GlobalSection(SolutionProperties) = preSolution
		HideSolutionNode = FALSE
	EndGlobalSection
EndGlobal
